
Microsoft Visual Studio Solution File, Format Version 12.00
# Visual Studio Version 17
VisualStudioVersion = 17.5.33516.290
MinimumVisualStudioVersion = 10.0.40219.1
Project("{FAE04EC0-301F-11D3-BF4B-00C04F79EFBC}") = "PCStore_MVC", "PCStore_MVC\PCStore_MVC.csproj", "{35100CD8-99AA-4C9F-86BE-F226DC69DA9C}"
EndProject
Global
	GlobalSection(SolutionConfigurationPlatforms) = preSolution
		Debug|Any CPU = Debug|Any CPU
		Release|Any CPU = Release|Any CPU
	EndGlobalSection
	GlobalSection(ProjectConfigurationPlatforms) = postSolution
		{35100CD8-99AA-4C9F-86BE-F226DC69DA9C}.Debug|Any CPU.ActiveCfg = Debug|Any CPU
		{35100CD8-99AA-4C9F-86BE-F226DC69DA9C}.Debug|Any CPU.Build.0 = Debug|Any CPU
		{35100CD8-99AA-4C9F-86BE-F226DC69DA9C}.Release|Any CPU.ActiveCfg = Release|Any CPU
		{35100CD8-99AA-4C9F-86BE-F226DC69DA9C}.Release|Any CPU.Build.0 = Release|Any CPU
	EndGlobalSection
	GlobalSection(SolutionProperties) = preSolution
		HideSolutionNode = FALSE
	EndGlobalSection
	GlobalSection(ExtensibilityGlobals) = postSolution
		SolutionGuid = {DE8EDBDA-E4F1-4AC5-9CB5-F6E392D6E680}
	EndGlobalSection
EndGlobal
